dependencies:
- name: kube-prometheus-stack
  repository: https://prometheus-community.github.io/helm-charts
  version: 61.3.2
- name: loki
  repository: https://grafana.github.io/helm-charts
  version: 6.6.2
- name: promtail
  repository: https://grafana.github.io/helm-charts
  version: 6.16.4
- name: prometheus-blackbox-exporter
  repository: https://prometheus-community.github.io/helm-charts
  version: 9.0.0
- name: prometheus-postgres-exporter
  repository: https://prometheus-community.github.io/helm-charts
  version: 6.3.0
digest: sha256:93400c8db0895b7cb5b53220717cbddede9d635a63b7252cb01000ae685c253a
generated: "2026-06-03T19:31:16.5498688+05:30"
